
Microsoft Visual Studio Solution File, Format Version 12.00
# Visual Studio Version 17
VisualStudioVersion = 17.0.31903.59
MinimumVisualStudioVersion = 10.0.40219.1
Project("{9A19103F-16F7-4668-BE54-9A1E7A4F7556}") = "Palindrome", "Palindrome\Palindrome.csproj", "{D4F1B783-00C4-4DD3-B733-020FE8CDA1C5}"
EndProject
Project("{9A19103F-16F7-4668-BE54-9A1E7A4F7556}") = "TestPalindrome", "TestPalindrome\TestPalindrome.csproj", "{16E2E919-D5CE-4A06-9B7F-D416CA3ABC6F}"
EndProject
Global
	GlobalSection(SolutionConfigurationPlatforms) = preSolution
		Debug|Any CPU = Debug|Any CPU
		Release|Any CPU = Release|Any CPU
	EndGlobalSection
	GlobalSection(ProjectConfigurationPlatforms) = postSolution
		{D4F1B783-00C4-4DD3-B733-020FE8CDA1C5}.Debug|Any CPU.ActiveCfg = Debug|Any CPU
		{D4F1B783-00C4-4DD3-B733-020FE8CDA1C5}.Debug|Any CPU.Build.0 = Debug|Any CPU
		{D4F1B783-00C4-4DD3-B733-020FE8CDA1C5}.Release|Any CPU.ActiveCfg = Release|Any CPU
		{D4F1B783-00C4-4DD3-B733-020FE8CDA1C5}.Release|Any CPU.Build.0 = Release|Any CPU
		{16E2E919-D5CE-4A06-9B7F-D416CA3ABC6F}.Debug|Any CPU.ActiveCfg = Debug|Any CPU
		{16E2E919-D5CE-4A06-9B7F-D416CA3ABC6F}.Debug|Any CPU.Build.0 = Debug|Any CPU
		{16E2E919-D5CE-4A06-9B7F-D416CA3ABC6F}.Release|Any CPU.ActiveCfg = Release|Any CPU
		{16E2E919-D5CE-4A06-9B7F-D416CA3ABC6F}.Release|Any CPU.Build.0 = Release|Any CPU
	EndGlobalSection
	GlobalSection(SolutionProperties) = preSolution
		HideSolutionNode = FALSE
	EndGlobalSection
	GlobalSection(ExtensibilityGlobals) = postSolution
		SolutionGuid = {488C69E0-0269-4AE5-8B4E-2B0C5ED4290D}
	EndGlobalSection
EndGlobal
